
Microsoft Visual Studio Solution File, Format Version 12.00
# Visual Studio 15
VisualStudioVersion = 15.0.28307.421
MinimumVisualStudioVersion = 10.0.40219.1
Project("{8BC9CEB8-8B4A-11D0-8D11-00A0C91BC942}") = "BackJoon16236", "BackJoon16236\BackJoon16236.vcxproj", "{84580F02-1537-4BDE-8119-D24ED290905B}"
EndProject
Global
	GlobalSection(SolutionConfigurationPlatforms) = preSolution
		Debug|x64 = Debug|x64
		Debug|x86 = Debug|x86
		Release|x64 = Release|x64
		Release|x86 = Release|x86
	EndGlobalSection
	GlobalSection(ProjectConfigurationPlatforms) = postSolution
		{84580F02-1537-4BDE-8119-D24ED290905B}.Debug|x64.ActiveCfg = Debug|x64
		{84580F02-1537-4BDE-8119-D24ED290905B}.Debug|x64.Build.0 = Debug|x64
		{84580F02-1537-4BDE-8119-D24ED290905B}.Debug|x86.ActiveCfg = Debug|Win32
		{84580F02-1537-4BDE-8119-D24ED290905B}.Debug|x86.Build.0 = Debug|Win32
		{84580F02-1537-4BDE-8119-D24ED290905B}.Release|x64.ActiveCfg = Release|x64
		{84580F02-1537-4BDE-8119-D24ED290905B}.Release|x64.Build.0 = Release|x64
		{84580F02-1537-4BDE-8119-D24ED290905B}.Release|x86.ActiveCfg = Release|Win32
		{84580F02-1537-4BDE-8119-D24ED290905B}.Release|x86.Build.0 = Release|Win32
	EndGlobalSection
	GlobalSection(SolutionProperties) = preSolution
		HideSolutionNode = FALSE
	EndGlobalSection
	GlobalSection(ExtensibilityGlobals) = postSolution
		SolutionGuid = {D4BB5FC8-3DBD-4094-9D09-3364DB71BCE7}
	EndGlobalSection
EndGlobal
